<?xml version="1.0" encoding="utf-8"?>
<Project ToolsVersion="4.0" xmlns="http://schemas.microsoft.com/developer/msbuild/2003">
  <ItemGroup>
    <Filter Include="Source Files">
      <UniqueIdentifier>{4FC737F1-C7A5-4376-A066-2A32D752A2FF}</UniqueIdentifier>
      <Extensions>cpp;c;cc;cxx;c++;cppm;ixx;def;odl;idl;hpj;bat;asm;asmx</Extensions>
    </Filter>
    <Filter Include="Header Files">
      <UniqueIdentifier>{93995380-89BD-4b04-88EB-625FBE52EBFB}</UniqueIdentifier>
      <Extensions>h;hh;hpp;hxx;h++;hm;inl;inc;ipp;xsd</Extensions>
    </Filter>
    <Filter Include="Resource Files">
      <UniqueIdentifier>{67DA6AB6-F800-4c08-8B7A-83BB121AAD01}</UniqueIdentifier>
      <Extensions>rc;ico;cur;bmp;dlg;rc2;rct;bin;rgs;gif;jpg;jpeg;jpe;resx;tiff;tif;png;wav;mfcribbon-ms</Extensions>
    </Filter>
    <Filter Include="assets">
      <UniqueIdentifier>{6486fffd-ec51-47f6-9a56-29fa21423832}</UniqueIdentifier>
    </Filter>
    <Filter Include="Header Files\ECS">
      <UniqueIdentifier>{fdb624ab-ae00-4c62-ab76-dfd5a20ad4d5}</UniqueIdentifier>
    </Filter>
    <Filter Include="Source Files\ECS">
      <UniqueIdentifier>{03642666-b955-4142-8c37-8673e1e79c00}</UniqueIdentifier>
    </Filter>
    <Filter Include="Source Files\Utils">
      <UniqueIdentifier>{ffa86673-d285-4e67-a861-185c4dbd62fa}</UniqueIdentifier>
    </Filter>
    <Filter Include="Header Files\Utils">
      <UniqueIdentifier>{ad1c8592-b23e-4fbc-b1d1-d853a303057d}</UniqueIdentifier>
    </Filter>
    <Filter Include="Header Files\ECS\Camera">
      <UniqueIdentifier>{2071b98d-0094-4786-aec7-275ea3cb9df9}</UniqueIdentifier>
    </Filter>
    <Filter Include="Header Files\ECS\Collision">
      <UniqueIdentifier>{084a97c9-e903-4b59-ba44-e427cd38170c}</UniqueIdentifier>
    </Filter>
    <Filter Include="Header Files\ECS\Map">
      <UniqueIdentifier>{03b3c33f-4237-4838-98f4-774a76e132a6}</UniqueIdentifier>
    </Filter>
    <Filter Include="Header Files\ECS\Movement">
      <UniqueIdentifier>{7a5b6f6c-0db7-4495-82b7-b129de9faae6}</UniqueIdentifier>
    </Filter>
    <Filter Include="Header Files\ECS\Visual">
      <UniqueIdentifier>{1fd460bc-0b42-40a8-be4d-b8c4d261e8bc}</UniqueIdentifier>
    </Filter>
    <Filter Include="Source Files\ECS\Camera">
      <UniqueIdentifier>{8346f815-096f-454c-8893-6a95a0a2617f}</UniqueIdentifier>
    </Filter>
    <Filter Include="Source Files\ECS\Collision">
      <UniqueIdentifier>{2bd9d44e-4d3f-4d51-b3df-686b17b0c582}</UniqueIdentifier>
    </Filter>
    <Filter Include="Source Files\ECS\Map">
      <UniqueIdentifier>{841a665d-f5b7-463c-9c26-f263b3b921ff}</UniqueIdentifier>
    </Filter>
    <Filter Include="Source Files\ECS\Movement">
      <UniqueIdentifier>{4b5edbc9-4e16-46d1-a4c4-5b8d5570b6a4}</UniqueIdentifier>
    </Filter>
    <Filter Include="Source Files\ECS\Visual">
      <UniqueIdentifier>{04d56f1a-98b8-429b-bc2d-7879fdf5aa6f}</UniqueIdentifier>
    </Filter>
    <Filter Include="Header Files\Utils\CollisionUtils">
      <UniqueIdentifier>{9e4226fe-0b42-4334-81da-f0e5960f7480}</UniqueIdentifier>
    </Filter>
    <Filter Include="Header Files\Utils\Eggs">
      <UniqueIdentifier>{65144706-a293-401d-8533-442467effd54}</UniqueIdentifier>
    </Filter>
    <Filter Include="Header Files\Utils\TexturesTools">
      <UniqueIdentifier>{00ec9577-f0d2-42e9-be52-3f8da5ef8630}</UniqueIdentifier>
    </Filter>
    <Filter Include="Source Files\Utils\CollisionUtils">
      <UniqueIdentifier>{305822c3-67a3-4104-b4be-6d10187653a6}</UniqueIdentifier>
    </Filter>
    <Filter Include="Source Files\Utils\Eggs">
      <UniqueIdentifier>{f9f01d44-2c18-46ce-b994-bab6d26d1652}</UniqueIdentifier>
    </Filter>
    <Filter Include="Source Files\Utils\TextureTools">
      <UniqueIdentifier>{acad54c3-63f2-4885-9af8-940fc2ee5730}</UniqueIdentifier>
    </Filter>
    <Filter Include="Header Files\ElementsConstructors">
      <UniqueIdentifier>{f6b99269-8674-4f72-bd06-41e6f25906ca}</UniqueIdentifier>
    </Filter>
    <Filter Include="Source Files\ElementsConstructors">
      <UniqueIdentifier>{24b1807c-e0c5-41a5-8877-238815f95e82}</UniqueIdentifier>
    </Filter>
    <Filter Include="Header Files\Layering">
      <UniqueIdentifier>{e4bc64cd-ed0a-4e2d-8f65-4225a1af3108}</UniqueIdentifier>
    </Filter>
    <Filter Include="Source Files\Layering">
      <UniqueIdentifier>{e43e5383-fbe3-4e0d-8fe0-c7c2ec135fc6}</UniqueIdentifier>
    </Filter>
    <Filter Include="Header Files\Managers">
      <UniqueIdentifier>{7c641f1b-b623-4eee-8364-712fc3c53c32}</UniqueIdentifier>
    </Filter>
    <Filter Include="Source Files\Managers">
      <UniqueIdentifier>{86d519ac-1e13-45a6-b860-f04d6461c65b}</UniqueIdentifier>
    </Filter>
    <Filter Include="Header Files\Managers\ErrorHandler">
      <UniqueIdentifier>{c4fb7052-0867-42cd-b345-b8d8e14b203a}</UniqueIdentifier>
    </Filter>
    <Filter Include="Source Files\Managers\DeathManager">
      <UniqueIdentifier>{0ac26d68-d1e5-4a73-ab11-fb3fe6d0ce89}</UniqueIdentifier>
    </Filter>
    <Filter Include="Header Files\Managers\DaethManager">
      <UniqueIdentifier>{c396667a-d447-4ebd-8aaa-d44f267007a4}</UniqueIdentifier>
    </Filter>
    <Filter Include="Source Files\Managers\ErrorHandler">
      <UniqueIdentifier>{82631aaa-3e69-4f12-9af1-54ca7e20b1b7}</UniqueIdentifier>
    </Filter>
    <Filter Include="Header Files\Map">
      <UniqueIdentifier>{579b1812-5ec5-4f8e-8fdb-06184bb3684f}</UniqueIdentifier>
    </Filter>
    <Filter Include="Source Files\Map">
      <UniqueIdentifier>{19168f12-9064-499f-8fcb-f124da37ce6f}</UniqueIdentifier>
    </Filter>
    <Filter Include="Source Files\Utils\InfoStorage">
      <UniqueIdentifier>{488c2613-531c-41ea-b6f8-58bc6935346b}</UniqueIdentifier>
    </Filter>
    <Filter Include="Header Files\Utils\InfoStorage">
      <UniqueIdentifier>{d6fedbf6-4c89-45b9-a869-5677724dcf03}</UniqueIdentifier>
    </Filter>
  </ItemGroup>
  <ItemGroup>
    <ClCompile Include="ECS\Movement\AiBehaviour.cpp">
      <Filter>Source Files\ECS\Movement</Filter>
    </ClCompile>
    <ClCompile Include="ECS\Camera\CameraTarget.cpp">
      <Filter>Source Files\ECS\Camera</Filter>
    </ClCompile>
    <ClCompile Include="ECS\Collision\CollisionComponent.cpp">
      <Filter>Source Files\ECS\Collision</Filter>
    </ClCompile>
    <ClCompile Include="ECS\Collision\DynamicCollisionComponent.cpp">
      <Filter>Source Files\ECS\Collision</Filter>
    </ClCompile>
    <ClCompile Include="ECS\Collision\DynamicCollisionComponent2.cpp">
      <Filter>Source Files\ECS\Collision</Filter>
    </ClCompile>
    <ClCompile Include="ECS\Visual\InfoBar.cpp">
      <Filter>Source Files\ECS\Visual</Filter>
    </ClCompile>
    <ClCompile Include="ECS\Visual\SpriteComponent.cpp">
      <Filter>Source Files\ECS\Visual</Filter>
    </ClCompile>
    <ClCompile Include="ECS\Visual\TextComponent.cpp">
      <Filter>Source Files\ECS\Visual</Filter>
    </ClCompile>
    <ClCompile Include="ECS\Map\TileComponent.cpp">
      <Filter>Source Files\ECS\Map</Filter>
    </ClCompile>
    <ClCompile Include="ECS\Movement\KeyboardControllerComponent.cpp">
      <Filter>Source Files\ECS\Movement</Filter>
    </ClCompile>
    <ClCompile Include="ECS\Collision\MouseCollision.cpp">
      <Filter>Source Files\ECS\Movement</Filter>
    </ClCompile>
    <ClCompile Include="ECS\Movement\PositionComponent.cpp">
      <Filter>Source Files\ECS\Movement</Filter>
    </ClCompile>
    <ClCompile Include="ECS\ECS.cpp">
      <Filter>Source Files\ECS</Filter>
    </ClCompile>
    <ClCompile Include="Utils\Vector2D.cpp">
      <Filter>Source Files\Utils</Filter>
    </ClCompile>
    <ClCompile Include="Utils\TexturesTools\Animation.cpp">
      <Filter>Source Files\Utils\TextureTools</Filter>
    </ClCompile>
    <ClCompile Include="Utils\CollisionUtils\CollisionUtils.cpp">
      <Filter>Source Files\Utils\CollisionUtils</Filter>
    </ClCompile>
    <ClCompile Include="Utils\Eggs\EggBoom.cpp">
      <Filter>Source Files\Utils\Eggs</Filter>
    </ClCompile>
    <ClCompile Include="Utils\TexturesTools\TextureManager.cpp">
      <Filter>Source Files\Utils\TextureTools</Filter>
    </ClCompile>
    <ClCompile Include="Utils\TexturesTools\Textures.cpp">
      <Filter>Source Files\Utils\TextureTools</Filter>
    </ClCompile>
    <ClCompile Include="ElementsConstructors\ScenesManager.cpp">
      <Filter>Source Files\ElementsConstructors</Filter>
    </ClCompile>
    <ClCompile Include="ElementsConstructors\EntityConstructor.cpp">
      <Filter>Source Files\ElementsConstructors</Filter>
    </ClCompile>
    <ClCompile Include="ElementsConstructors\MenuConstructor.cpp">
      <Filter>Source Files\ElementsConstructors</Filter>
    </ClCompile>
    <ClCompile Include="Layering\Layering.cpp">
      <Filter>Source Files\Layering</Filter>
    </ClCompile>
    <ClCompile Include="Managers\DeathManager\EntitiesDeathManager.cpp">
      <Filter>Source Files\Managers\DeathManager</Filter>
    </ClCompile>
    <ClCompile Include="Map\Map.cpp">
      <Filter>Source Files\Map</Filter>
    </ClCompile>
    <ClCompile Include="Game.cpp">
      <Filter>Source Files</Filter>
    </ClCompile>
    <ClCompile Include="Main.cpp">
      <Filter>Source Files</Filter>
    </ClCompile>
    <ClCompile Include="Utils\InfoStorage\GameInfoStorage.cpp">
      <Filter>Source Files\Utils\InfoStorage</Filter>
    </ClCompile>
  </ItemGroup>
  <ItemGroup>
    <ClInclude Include="ECS\Components.h">
      <Filter>Header Files\ECS</Filter>
    </ClInclude>
    <ClInclude Include="ECS\ECS.h">
      <Filter>Header Files\ECS</Filter>
    </ClInclude>
    <ClInclude Include="ECS\Movement\AiBehaviour.h">
      <Filter>Header Files\ECS\Movement</Filter>
    </ClInclude>
    <ClInclude Include="ECS\Camera\CameraTarget.h">
      <Filter>Header Files\ECS\Camera</Filter>
    </ClInclude>
    <ClInclude Include="ECS\Collision\CollisionComponent.h">
      <Filter>Header Files\ECS\Collision</Filter>
    </ClInclude>
    <ClInclude Include="ECS\Collision\DynamicCollisionComponent.h">
      <Filter>Header Files\ECS\Collision</Filter>
    </ClInclude>
    <ClInclude Include="ECS\Collision\DynamicCollisionComponent2.h">
      <Filter>Header Files\ECS\Collision</Filter>
    </ClInclude>
    <ClInclude Include="ECS\Movement\PositionComponent.h">
      <Filter>Header Files\ECS\Movement</Filter>
    </ClInclude>
    <ClInclude Include="ECS\Movement\KeyboardControllerComponent.h">
      <Filter>Header Files\ECS\Movement</Filter>
    </ClInclude>
    <ClInclude Include="ECS\Collision\MouseCollision.h">
      <Filter>Header Files\ECS\Collision</Filter>
    </ClInclude>
    <ClInclude Include="ECS\Visual\SpriteComponent.h">
      <Filter>Header Files\ECS\Visual</Filter>
    </ClInclude>
    <ClInclude Include="ECS\Visual\TextComponent.h">
      <Filter>Header Files\ECS\Visual</Filter>
    </ClInclude>
    <ClInclude Include="ECS\Visual\InfoBar.h">
      <Filter>Header Files\ECS\Visual</Filter>
    </ClInclude>
    <ClInclude Include="ECS\Map\TileComponent.h">
      <Filter>Header Files\ECS\Map</Filter>
    </ClInclude>
    <ClInclude Include="Utils\Vector2D.h">
      <Filter>Header Files\Utils</Filter>
    </ClInclude>
    <ClInclude Include="Utils\TexturesTools\Animation.h">
      <Filter>Header Files\Utils\TexturesTools</Filter>
    </ClInclude>
    <ClInclude Include="Utils\Eggs\ChickenAttack.h">
      <Filter>Header Files\Utils\Eggs</Filter>
    </ClInclude>
    <ClInclude Include="Utils\Eggs\EggBoom.h">
      <Filter>Header Files\Utils\Eggs</Filter>
    </ClInclude>
    <ClInclude Include="Utils\TexturesTools\TextureManager.h">
      <Filter>Header Files\Utils\TexturesTools</Filter>
    </ClInclude>
    <ClInclude Include="Utils\CollisionUtils\CollisionUtils.h">
      <Filter>Header Files\Utils\CollisionUtils</Filter>
    </ClInclude>
    <ClInclude Include="Utils\TexturesTools\Textures.h">
      <Filter>Header Files\Utils\TexturesTools</Filter>
    </ClInclude>
    <ClInclude Include="ElementsConstructors\ScenesManager.h">
      <Filter>Header Files\ElementsConstructors</Filter>
    </ClInclude>
    <ClInclude Include="ElementsConstructors\EntityConstructor.h">
      <Filter>Header Files\ElementsConstructors</Filter>
    </ClInclude>
    <ClInclude Include="ElementsConstructors\MenuConstructor.h">
      <Filter>Header Files\ElementsConstructors</Filter>
    </ClInclude>
    <ClInclude Include="Layering\Layering.h">
      <Filter>Header Files\Layering</Filter>
    </ClInclude>
    <ClInclude Include="Managers\DeathManager\EntitiesDeathManager.h">
      <Filter>Header Files\Managers\DaethManager</Filter>
    </ClInclude>
    <ClInclude Include="Managers\ErrorHandler\ErrorHandler.h">
      <Filter>Header Files\Managers\ErrorHandler</Filter>
    </ClInclude>
    <ClInclude Include="Map\Map.h">
      <Filter>Header Files\Map</Filter>
    </ClInclude>
    <ClInclude Include="Game.h">
      <Filter>Header Files</Filter>
    </ClInclude>
    <ClInclude Include="settings.h">
      <Filter>Header Files</Filter>
    </ClInclude>
    <ClInclude Include="Utils\InfoStorage\GameInfoStorage.h">
      <Filter>Header Files\Utils\InfoStorage</Filter>
    </ClInclude>
  </ItemGroup>
  <ItemGroup>
    <Image Include="assets\grass.png">
      <Filter>assets</Filter>
    </Image>
    <Image Include="assets\dirt.png">
      <Filter>assets</Filter>
    </Image>
    <Image Include="assets\chicken.png">
      <Filter>assets</Filter>
    </Image>
  </ItemGroup>
  <ItemGroup>
    <None Include="GameMaps\lvl_map_4.data">
      <Filter>Resource Files</Filter>
    </None>
    <None Include="GameMaps\lvl_map_5.data">
      <Filter>Resource Files</Filter>
    </None>
    <None Include="GameMaps\lvl_map_1.data">
      <Filter>Resource Files</Filter>
    </None>
    <None Include="GameMaps\lvl_map_2.data">
      <Filter>Resource Files</Filter>
    </None>
    <None Include="GameMaps\lvl_map_3.data">
      <Filter>Resource Files</Filter>
    </None>
  </ItemGroup>
</Project>