<?xml version="1.0" encoding="utf-8"?>
<Project ToolsVersion="4.0" xmlns="http://schemas.microsoft.com/developer/msbuild/2003">
  <ItemGroup>
    <Filter Include="Source Files">
      <UniqueIdentifier>{4FC737F1-C7A5-4376-A066-2A32D752A2FF}</UniqueIdentifier>
      <Extensions>cpp;c;cc;cxx;c++;cppm;ixx;def;odl;idl;hpj;bat;asm;asmx</Extensions>
    </Filter>
    <Filter Include="Header Files">
      <UniqueIdentifier>{93995380-89BD-4b04-88EB-625FBE52EBFB}</UniqueIdentifier>
      <Extensions>h;hh;hpp;hxx;h++;hm;inl;inc;ipp;xsd</Extensions>
    </Filter>
    <Filter Include="Resource Files">
      <UniqueIdentifier>{67DA6AB6-F800-4c08-8B7A-83BB121AAD01}</UniqueIdentifier>
      <Extensions>rc;ico;cur;bmp;dlg;rc2;rct;bin;rgs;gif;jpg;jpeg;jpe;resx;tiff;tif;png;wav;mfcribbon-ms</Extensions>
    </Filter>
    <Filter Include="assets">
      <UniqueIdentifier>{6486fffd-ec51-47f6-9a56-29fa21423832}</UniqueIdentifier>
    </Filter>
    <Filter Include="Header Files\ECS">
      <UniqueIdentifier>{fdb624ab-ae00-4c62-ab76-dfd5a20ad4d5}</UniqueIdentifier>
    </Filter>
    <Filter Include="Source Files\ECS">
      <UniqueIdentifier>{03642666-b955-4142-8c37-8673e1e79c00}</UniqueIdentifier>
    </Filter>
    <Filter Include="Source Files\Utils">
      <UniqueIdentifier>{ffa86673-d285-4e67-a861-185c4dbd62fa}</UniqueIdentifier>
    </Filter>
    <Filter Include="Header Files\Utils">
      <UniqueIdentifier>{ad1c8592-b23e-4fbc-b1d1-d853a303057d}</UniqueIdentifier>
    </Filter>
  </ItemGroup>
  <ItemGroup>
<<<<<<< Updated upstream
    <ClCompile Include="Main.cpp">
      <Filter>Source Files</Filter>
=======
    <ClCompile Include="ECS\Movement\AiBehaviour.cpp">
      <Filter>Source Files\ECS\Movement</Filter>
    </ClCompile>
    <ClCompile Include="ECS\Camera\CameraTarget.cpp">
      <Filter>Source Files\ECS\Camera</Filter>
    </ClCompile>
    <ClCompile Include="ECS\Collision\CollisionComponent.cpp">
      <Filter>Source Files\ECS\Collision</Filter>
    </ClCompile>
    <ClCompile Include="ECS\Collision\DynamicCollisionComponent.cpp">
      <Filter>Source Files\ECS\Collision</Filter>
    </ClCompile>
    <ClCompile Include="ECS\Collision\DynamicCollisionComponent2.cpp">
      <Filter>Source Files\ECS\Collision</Filter>
    </ClCompile>
    <ClCompile Include="ECS\Visual\InfoBar.cpp">
      <Filter>Source Files\ECS\Visual</Filter>
    </ClCompile>
    <ClCompile Include="ECS\Visual\SpriteComponent.cpp">
      <Filter>Source Files\ECS\Visual</Filter>
    </ClCompile>
    <ClCompile Include="ECS\Visual\TextComponent.cpp">
      <Filter>Source Files\ECS\Visual</Filter>
    </ClCompile>
    <ClCompile Include="ECS\Map\TileComponent.cpp">
      <Filter>Source Files\ECS\Map</Filter>
    </ClCompile>
    <ClCompile Include="ECS\Movement\KeyboardControllerComponent.cpp">
      <Filter>Source Files\ECS\Movement</Filter>
    </ClCompile>
    <ClCompile Include="ECS\Movement\PositionComponent.cpp">
      <Filter>Source Files\ECS\Movement</Filter>
    </ClCompile>
    <ClCompile Include="ECS\ECS.cpp">
      <Filter>Source Files\ECS</Filter>
    </ClCompile>
    <ClCompile Include="Utils\Vector2D.cpp">
      <Filter>Source Files\Utils</Filter>
    </ClCompile>
    <ClCompile Include="Utils\TexturesTools\Animation.cpp">
      <Filter>Source Files\Utils\TextureTools</Filter>
    </ClCompile>
    <ClCompile Include="Utils\CollisionUtils\CollisionUtils.cpp">
      <Filter>Source Files\Utils\CollisionUtils</Filter>
    </ClCompile>
    <ClCompile Include="Utils\Eggs\EggBoom.cpp">
      <Filter>Source Files\Utils\Eggs</Filter>
    </ClCompile>
    <ClCompile Include="Utils\TexturesTools\TextureManager.cpp">
      <Filter>Source Files\Utils\TextureTools</Filter>
    </ClCompile>
    <ClCompile Include="Utils\TexturesTools\Textures.cpp">
      <Filter>Source Files\Utils\TextureTools</Filter>
    </ClCompile>
    <ClCompile Include="ElementsConstructors\ScenesManager.cpp">
      <Filter>Source Files\ElementsConstructors</Filter>
    </ClCompile>
    <ClCompile Include="ElementsConstructors\EntityConstructor.cpp">
      <Filter>Source Files\ElementsConstructors</Filter>
    </ClCompile>
    <ClCompile Include="ElementsConstructors\MenuConstructor.cpp">
      <Filter>Source Files\ElementsConstructors</Filter>
    </ClCompile>
    <ClCompile Include="Layering\Layering.cpp">
      <Filter>Source Files\Layering</Filter>
    </ClCompile>
    <ClCompile Include="Managers\DeathManager\EntitiesDeathManager.cpp">
      <Filter>Source Files\Managers\DeathManager</Filter>
    </ClCompile>
    <ClCompile Include="Map\Map.cpp">
      <Filter>Source Files\Map</Filter>
>>>>>>> Stashed changes
    </ClCompile>
    <ClCompile Include="Game.cpp">
      <Filter>Source Files</Filter>
    </ClCompile>
    <ClCompile Include="Map.cpp">
      <Filter>Source Files</Filter>
    </ClCompile>
    <ClCompile Include="SpriteComponent.cpp">
      <Filter>Source Files\ECS</Filter>
    </ClCompile>
    <ClCompile Include="PositionComponent.cpp">
      <Filter>Source Files\ECS</Filter>
    </ClCompile>
    <ClCompile Include="KeyboardControllerComponent.cpp">
      <Filter>Source Files\ECS</Filter>
    </ClCompile>
    <ClCompile Include="TileComponent.cpp">
      <Filter>Source Files\ECS</Filter>
    </ClCompile>
    <ClCompile Include="Vector2D.cpp">
      <Filter>Source Files\Utils</Filter>
    </ClCompile>
    <ClCompile Include="TextureManager.cpp">
      <Filter>Source Files\Utils</Filter>
    </ClCompile>
    <ClCompile Include="Textures.cpp">
      <Filter>Source Files\Utils</Filter>
    </ClCompile>
    <ClCompile Include="Layering.cpp">
      <Filter>Source Files\Utils</Filter>
    </ClCompile>
    <ClCompile Include="CollisionComponent.cpp">
      <Filter>Source Files\ECS</Filter>
    </ClCompile>
    <ClCompile Include="DynamicCollisionComponent.cpp">
      <Filter>Source Files\ECS</Filter>
    </ClCompile>
    <ClCompile Include="CameraTarget.cpp">
      <Filter>Source Files\ECS</Filter>
    </ClCompile>
    <ClCompile Include="ECS.cpp">
      <Filter>Source Files\ECS</Filter>
    </ClCompile>
    <ClCompile Include="AiBehaviour.cpp">
      <Filter>Source Files\ECS</Filter>
    </ClCompile>
    <ClCompile Include="DynamicCollisionComponent2.cpp">
      <Filter>Source Files\ECS</Filter>
    </ClCompile>
    <ClCompile Include="Animation.cpp">
      <Filter>Source Files\Utils</Filter>
    </ClCompile>
    <ClCompile Include="EggBoom.cpp">
      <Filter>Source Files\ECS</Filter>
    </ClCompile>
    <ClCompile Include="EntitiesDeathManager.cpp">
      <Filter>Source Files\Utils</Filter>
    </ClCompile>
    <ClCompile Include="EntityConstructor.cpp">
      <Filter>Source Files\Utils</Filter>
    </ClCompile>
    <ClCompile Include="MenuConstructor.cpp">
      <Filter>Source Files\Utils</Filter>
    </ClCompile>
    <ClCompile Include="ScenesManager.cpp">
      <Filter>Source Files\Utils</Filter>
    </ClCompile>
    <ClCompile Include="MouseCollision.cpp">
      <Filter>Source Files\ECS</Filter>
    </ClCompile>
    <ClCompile Include="CollisionUtils.cpp">
      <Filter>Source Files\Utils</Filter>
    </ClCompile>
    <ClCompile Include="TextComponent.cpp">
      <Filter>Source Files\ECS</Filter>
    </ClCompile>
    <ClCompile Include="InfoBar.cpp">
      <Filter>Source Files\ECS</Filter>
    </ClCompile>
    <ClCompile Include="ECS\Collision\MouseCollision.cpp">
      <Filter>Source Files\ECS\Collision</Filter>
    </ClCompile>
  </ItemGroup>
  <ItemGroup>
    <ClInclude Include="Game.h">
      <Filter>Header Files</Filter>
    </ClInclude>
    <ClInclude Include="Map.h">
      <Filter>Header Files</Filter>
    </ClInclude>
    <ClInclude Include="ECS.h">
      <Filter>Header Files\ECS</Filter>
    </ClInclude>
    <ClInclude Include="Components.h">
      <Filter>Header Files\ECS</Filter>
    </ClInclude>
    <ClInclude Include="SpriteComponent.h">
      <Filter>Header Files\ECS</Filter>
    </ClInclude>
    <ClInclude Include="PositionComponent.h">
      <Filter>Header Files\ECS</Filter>
    </ClInclude>
    <ClInclude Include="KeyboardControllerComponent.h">
      <Filter>Header Files\ECS</Filter>
    </ClInclude>
    <ClInclude Include="TileComponent.h">
      <Filter>Header Files\ECS</Filter>
    </ClInclude>
    <ClInclude Include="Layering.h">
      <Filter>Header Files\Utils</Filter>
    </ClInclude>
    <ClInclude Include="TextureManager.h">
      <Filter>Header Files\Utils</Filter>
    </ClInclude>
    <ClInclude Include="Textures.h">
      <Filter>Header Files\Utils</Filter>
    </ClInclude>
    <ClInclude Include="Vector2D.h">
      <Filter>Header Files\Utils</Filter>
    </ClInclude>
    <ClInclude Include="CollisionComponent.h">
      <Filter>Header Files\ECS</Filter>
    </ClInclude>
    <ClInclude Include="DynamicCollisionComponent.h">
      <Filter>Header Files\ECS</Filter>
    </ClInclude>
    <ClInclude Include="CameraTarget.h">
      <Filter>Header Files\ECS</Filter>
    </ClInclude>
    <ClInclude Include="AiBehaviour.h">
      <Filter>Header Files\ECS</Filter>
    </ClInclude>
    <ClInclude Include="DynamicCollisionComponent2.h">
      <Filter>Header Files\ECS</Filter>
    </ClInclude>
    <ClInclude Include="Animation.h">
      <Filter>Header Files\Utils</Filter>
    </ClInclude>
    <ClInclude Include="EggBoom.h">
      <Filter>Header Files\ECS</Filter>
    </ClInclude>
    <ClInclude Include="EntitiesDeathManager.h">
      <Filter>Header Files\Utils</Filter>
    </ClInclude>
    <ClInclude Include="EntityConstructor.h">
      <Filter>Header Files\Utils</Filter>
    </ClInclude>
    <ClInclude Include="MenuConstructor.h">
      <Filter>Header Files\Utils</Filter>
    </ClInclude>
    <ClInclude Include="ScenesManager.h">
      <Filter>Header Files\Utils</Filter>
    </ClInclude>
    <ClInclude Include="CollisionUtils.h">
      <Filter>Header Files\Utils</Filter>
    </ClInclude>
    <ClInclude Include="settings.h">
      <Filter>Header Files</Filter>
    </ClInclude>
    <ClInclude Include="TextComponent.h">
      <Filter>Header Files\ECS</Filter>
    </ClInclude>
    <ClInclude Include="InfoBar.h">
      <Filter>Header Files\ECS</Filter>
    </ClInclude>
    <ClInclude Include="ErrorHandler.h">
      <Filter>Header Files\Utils</Filter>
    </ClInclude>
    <ClInclude Include="ChickenAttack.h">
      <Filter>Header Files\ECS</Filter>
    </ClInclude>
    <ClInclude Include="MouseCollision.h">
      <Filter>Header Files\ECS</Filter>
    </ClInclude>
  </ItemGroup>
  <ItemGroup>
    <Image Include="assets\grass.png">
      <Filter>assets</Filter>
    </Image>
    <Image Include="assets\dirt.png">
      <Filter>assets</Filter>
    </Image>
    <Image Include="assets\chicken.png">
      <Filter>assets</Filter>
    </Image>
  </ItemGroup>
  <ItemGroup>
    <None Include="lvl_map_1.data">
      <Filter>Resource Files</Filter>
    </None>
    <None Include="lvl_map_2.data">
      <Filter>Resource Files</Filter>
    </None>
    <None Include="lvl_map_3.data">
      <Filter>Resource Files</Filter>
    </None>
    <None Include="lvl_map_4.data">
      <Filter>Resource Files</Filter>
    </None>
    <None Include="lvl_map_5.data">
      <Filter>Resource Files</Filter>
    </None>
  </ItemGroup>
</Project>